
Microsoft Visual Studio Solution File, Format Version 12.00
# Visual Studio Version 17
VisualStudioVersion = 17.0.31903.59
MinimumVisualStudioVersion = 10.0.40219.1
Project("{2150E333-8FDC-42A3-9474-1A3956D46DE8}") = "src", "src", "{5480DFB4-514D-4BC0-BE11-650735D40B06}"
EndProject
Project("{FAE04EC0-301F-11D3-BF4B-00C04F79EFBC}") = "PetroProcure.AI", "src\PetroProcure.AI\PetroProcure.AI.csproj", "{BBCB691D-0B81-45AF-97B6-818123749AE3}"
EndProject
Project("{FAE04EC0-301F-11D3-BF4B-00C04F79EFBC}") = "PetroProcure.Api", "src\PetroProcure.Api\PetroProcure.Api.csproj", "{CE7043F6-5539-4D3D-841B-B4D83D3A78E5}"
EndProject
Project("{FAE04EC0-301F-11D3-BF4B-00C04F79EFBC}") = "PetroProcure.AppHost", "src\PetroProcure.AppHost\PetroProcure.AppHost.csproj", "{58DD45FC-ADD6-415E-958C-E099B7D2B33B}"
EndProject
Project("{FAE04EC0-301F-11D3-BF4B-00C04F79EFBC}") = "PetroProcure.Application", "src\PetroProcure.Application\PetroProcure.Application.csproj", "{7B45A428-B7D7-4993-834C-7A900EDB2DD1}"
EndProject
Project("{FAE04EC0-301F-11D3-BF4B-00C04F79EFBC}") = "PetroProcure.Contracts", "src\PetroProcure.Contracts\PetroProcure.Contracts.csproj", "{4A6F59F0-0E12-480C-9703-74D6D032F848}"
EndProject
Project("{FAE04EC0-301F-11D3-BF4B-00C04F79EFBC}") = "PetroProcure.Domain", "src\PetroProcure.Domain\PetroProcure.Domain.csproj", "{B592E4FB-E1C9-4B0F-B8D2-1004FA43ADC8}"
EndProject
Project("{FAE04EC0-301F-11D3-BF4B-00C04F79EFBC}") = "PetroProcure.Infrastructure", "src\PetroProcure.Infrastructure\PetroProcure.Infrastructure.csproj", "{C173D596-5C79-448F-ADCE-56E2BC4A76A5}"
EndProject
Project("{FAE04EC0-301F-11D3-BF4B-00C04F79EFBC}") = "PetroProcure.Reporting", "src\PetroProcure.Reporting\PetroProcure.Reporting.csproj", "{C1828D5C-22EE-444F-AB53-9A6FA783E572}"
EndProject
Project("{FAE04EC0-301F-11D3-BF4B-00C04F79EFBC}") = "PetroProcure.ServiceDefaults", "src\PetroProcure.ServiceDefaults\PetroProcure.ServiceDefaults.csproj", "{4CFE2051-9666-4043-BF68-76FE1A5F22EA}"
EndProject
Project("{FAE04EC0-301F-11D3-BF4B-00C04F79EFBC}") = "PetroProcure.Web", "src\PetroProcure.Web\PetroProcure.Web.csproj", "{2260FAB4-E385-438C-A694-96F8AF718748}"
EndProject
Project("{FAE04EC0-301F-11D3-BF4B-00C04F79EFBC}") = "PetroProcure.Worker", "src\PetroProcure.Worker\PetroProcure.Worker.csproj", "{A2367782-727C-4C62-9A37-B8A65DDC8FED}"
EndProject
Project("{2150E333-8FDC-42A3-9474-1A3956D46DE8}") = "tests", "tests", "{84A950D1-BF96-49C9-826C-192D6385B2CC}"
EndProject
Project("{FAE04EC0-301F-11D3-BF4B-00C04F79EFBC}") = "PetroProcure.ArchitectureTests", "tests\PetroProcure.ArchitectureTests\PetroProcure.ArchitectureTests.csproj", "{A44C86F9-7413-4358-8A35-6695EF9F0CB4}"
EndProject
Project("{FAE04EC0-301F-11D3-BF4B-00C04F79EFBC}") = "PetroProcure.IntegrationTests", "tests\PetroProcure.IntegrationTests\PetroProcure.IntegrationTests.csproj", "{C935C86C-D19B-4DC9-AED5-56321FDD2E06}"
EndProject
Project("{FAE04EC0-301F-11D3-BF4B-00C04F79EFBC}") = "PetroProcure.UnitTests", "tests\PetroProcure.UnitTests\PetroProcure.UnitTests.csproj", "{9CC63417-92FA-4A1C-B21B-FA2CD4495DCC}"
EndProject
Global
	GlobalSection(SolutionConfigurationPlatforms) = preSolution
		Debug|Any CPU = Debug|Any CPU
		Release|Any CPU = Release|Any CPU
	EndGlobalSection
	GlobalSection(SolutionProperties) = preSolution
		HideSolutionNode = FALSE
	EndGlobalSection
	GlobalSection(ProjectConfigurationPlatforms) = postSolution
		{BBCB691D-0B81-45AF-97B6-818123749AE3}.Debug|Any CPU.ActiveCfg = Debug|Any CPU
		{BBCB691D-0B81-45AF-97B6-818123749AE3}.Debug|Any CPU.Build.0 = Debug|Any CPU
		{BBCB691D-0B81-45AF-97B6-818123749AE3}.Release|Any CPU.ActiveCfg = Release|Any CPU
		{BBCB691D-0B81-45AF-97B6-818123749AE3}.Release|Any CPU.Build.0 = Release|Any CPU
		{CE7043F6-5539-4D3D-841B-B4D83D3A78E5}.Debug|Any CPU.ActiveCfg = Debug|Any CPU
		{CE7043F6-5539-4D3D-841B-B4D83D3A78E5}.Debug|Any CPU.Build.0 = Debug|Any CPU
		{CE7043F6-5539-4D3D-841B-B4D83D3A78E5}.Release|Any CPU.ActiveCfg = Release|Any CPU
		{CE7043F6-5539-4D3D-841B-B4D83D3A78E5}.Release|Any CPU.Build.0 = Release|Any CPU
		{58DD45FC-ADD6-415E-958C-E099B7D2B33B}.Debug|Any CPU.ActiveCfg = Debug|Any CPU
		{58DD45FC-ADD6-415E-958C-E099B7D2B33B}.Debug|Any CPU.Build.0 = Debug|Any CPU
		{58DD45FC-ADD6-415E-958C-E099B7D2B33B}.Release|Any CPU.ActiveCfg = Release|Any CPU
		{58DD45FC-ADD6-415E-958C-E099B7D2B33B}.Release|Any CPU.Build.0 = Release|Any CPU
		{7B45A428-B7D7-4993-834C-7A900EDB2DD1}.Debug|Any CPU.ActiveCfg = Debug|Any CPU
		{7B45A428-B7D7-4993-834C-7A900EDB2DD1}.Debug|Any CPU.Build.0 = Debug|Any CPU
		{7B45A428-B7D7-4993-834C-7A900EDB2DD1}.Release|Any CPU.ActiveCfg = Release|Any CPU
		{7B45A428-B7D7-4993-834C-7A900EDB2DD1}.Release|Any CPU.Build.0 = Release|Any CPU
		{4A6F59F0-0E12-480C-9703-74D6D032F848}.Debug|Any CPU.ActiveCfg = Debug|Any CPU
		{4A6F59F0-0E12-480C-9703-74D6D032F848}.Debug|Any CPU.Build.0 = Debug|Any CPU
		{4A6F59F0-0E12-480C-9703-74D6D032F848}.Release|Any CPU.ActiveCfg = Release|Any CPU
		{4A6F59F0-0E12-480C-9703-74D6D032F848}.Release|Any CPU.Build.0 = Release|Any CPU
		{B592E4FB-E1C9-4B0F-B8D2-1004FA43ADC8}.Debug|Any CPU.ActiveCfg = Debug|Any CPU
		{B592E4FB-E1C9-4B0F-B8D2-1004FA43ADC8}.Debug|Any CPU.Build.0 = Debug|Any CPU
		{B592E4FB-E1C9-4B0F-B8D2-1004FA43ADC8}.Release|Any CPU.ActiveCfg = Release|Any CPU
		{B592E4FB-E1C9-4B0F-B8D2-1004FA43ADC8}.Release|Any CPU.Build.0 = Release|Any CPU
		{C173D596-5C79-448F-ADCE-56E2BC4A76A5}.Debug|Any CPU.ActiveCfg = Debug|Any CPU
		{C173D596-5C79-448F-ADCE-56E2BC4A76A5}.Debug|Any CPU.Build.0 = Debug|Any CPU
		{C173D596-5C79-448F-ADCE-56E2BC4A76A5}.Release|Any CPU.ActiveCfg = Release|Any CPU
		{C173D596-5C79-448F-ADCE-56E2BC4A76A5}.Release|Any CPU.Build.0 = Release|Any CPU
		{C1828D5C-22EE-444F-AB53-9A6FA783E572}.Debug|Any CPU.ActiveCfg = Debug|Any CPU
		{C1828D5C-22EE-444F-AB53-9A6FA783E572}.Debug|Any CPU.Build.0 = Debug|Any CPU
		{C1828D5C-22EE-444F-AB53-9A6FA783E572}.Release|Any CPU.ActiveCfg = Release|Any CPU
		{C1828D5C-22EE-444F-AB53-9A6FA783E572}.Release|Any CPU.Build.0 = Release|Any CPU
		{4CFE2051-9666-4043-BF68-76FE1A5F22EA}.Debug|Any CPU.ActiveCfg = Debug|Any CPU
		{4CFE2051-9666-4043-BF68-76FE1A5F22EA}.Debug|Any CPU.Build.0 = Debug|Any CPU
		{4CFE2051-9666-4043-BF68-76FE1A5F22EA}.Release|Any CPU.ActiveCfg = Release|Any CPU
		{4CFE2051-9666-4043-BF68-76FE1A5F22EA}.Release|Any CPU.Build.0 = Release|Any CPU
		{2260FAB4-E385-438C-A694-96F8AF718748}.Debug|Any CPU.ActiveCfg = Debug|Any CPU
		{2260FAB4-E385-438C-A694-96F8AF718748}.Debug|Any CPU.Build.0 = Debug|Any CPU
		{2260FAB4-E385-438C-A694-96F8AF718748}.Release|Any CPU.ActiveCfg = Release|Any CPU
		{2260FAB4-E385-438C-A694-96F8AF718748}.Release|Any CPU.Build.0 = Release|Any CPU
		{A2367782-727C-4C62-9A37-B8A65DDC8FED}.Debug|Any CPU.ActiveCfg = Debug|Any CPU
		{A2367782-727C-4C62-9A37-B8A65DDC8FED}.Debug|Any CPU.Build.0 = Debug|Any CPU
		{A2367782-727C-4C62-9A37-B8A65DDC8FED}.Release|Any CPU.ActiveCfg = Release|Any CPU
		{A2367782-727C-4C62-9A37-B8A65DDC8FED}.Release|Any CPU.Build.0 = Release|Any CPU
		{A44C86F9-7413-4358-8A35-6695EF9F0CB4}.Debug|Any CPU.ActiveCfg = Debug|Any CPU
		{A44C86F9-7413-4358-8A35-6695EF9F0CB4}.Debug|Any CPU.Build.0 = Debug|Any CPU
		{A44C86F9-7413-4358-8A35-6695EF9F0CB4}.Release|Any CPU.ActiveCfg = Release|Any CPU
		{A44C86F9-7413-4358-8A35-6695EF9F0CB4}.Release|Any CPU.Build.0 = Release|Any CPU
		{C935C86C-D19B-4DC9-AED5-56321FDD2E06}.Debug|Any CPU.ActiveCfg = Debug|Any CPU
		{C935C86C-D19B-4DC9-AED5-56321FDD2E06}.Debug|Any CPU.Build.0 = Debug|Any CPU
		{C935C86C-D19B-4DC9-AED5-56321FDD2E06}.Release|Any CPU.ActiveCfg = Release|Any CPU
		{C935C86C-D19B-4DC9-AED5-56321FDD2E06}.Release|Any CPU.Build.0 = Release|Any CPU
		{9CC63417-92FA-4A1C-B21B-FA2CD4495DCC}.Debug|Any CPU.ActiveCfg = Debug|Any CPU
		{9CC63417-92FA-4A1C-B21B-FA2CD4495DCC}.Debug|Any CPU.Build.0 = Debug|Any CPU
		{9CC63417-92FA-4A1C-B21B-FA2CD4495DCC}.Release|Any CPU.ActiveCfg = Release|Any CPU
		{9CC63417-92FA-4A1C-B21B-FA2CD4495DCC}.Release|Any CPU.Build.0 = Release|Any CPU
	EndGlobalSection
	GlobalSection(NestedProjects) = preSolution
		{BBCB691D-0B81-45AF-97B6-818123749AE3} = {5480DFB4-514D-4BC0-BE11-650735D40B06}
		{CE7043F6-5539-4D3D-841B-B4D83D3A78E5} = {5480DFB4-514D-4BC0-BE11-650735D40B06}
		{58DD45FC-ADD6-415E-958C-E099B7D2B33B} = {5480DFB4-514D-4BC0-BE11-650735D40B06}
		{7B45A428-B7D7-4993-834C-7A900EDB2DD1} = {5480DFB4-514D-4BC0-BE11-650735D40B06}
		{4A6F59F0-0E12-480C-9703-74D6D032F848} = {5480DFB4-514D-4BC0-BE11-650735D40B06}
		{B592E4FB-E1C9-4B0F-B8D2-1004FA43ADC8} = {5480DFB4-514D-4BC0-BE11-650735D40B06}
		{C173D596-5C79-448F-ADCE-56E2BC4A76A5} = {5480DFB4-514D-4BC0-BE11-650735D40B06}
		{C1828D5C-22EE-444F-AB53-9A6FA783E572} = {5480DFB4-514D-4BC0-BE11-650735D40B06}
		{4CFE2051-9666-4043-BF68-76FE1A5F22EA} = {5480DFB4-514D-4BC0-BE11-650735D40B06}
		{2260FAB4-E385-438C-A694-96F8AF718748} = {5480DFB4-514D-4BC0-BE11-650735D40B06}
		{A2367782-727C-4C62-9A37-B8A65DDC8FED} = {5480DFB4-514D-4BC0-BE11-650735D40B06}
		{A44C86F9-7413-4358-8A35-6695EF9F0CB4} = {84A950D1-BF96-49C9-826C-192D6385B2CC}
		{C935C86C-D19B-4DC9-AED5-56321FDD2E06} = {84A950D1-BF96-49C9-826C-192D6385B2CC}
		{9CC63417-92FA-4A1C-B21B-FA2CD4495DCC} = {84A950D1-BF96-49C9-826C-192D6385B2CC}
	EndGlobalSection
EndGlobal
